
Microsoft Visual Studio Solution File, Format Version 12.00
Project("{FAE04EC0-301F-11D3-BF4B-00C04F79EFBC}") = "RomanLib", "RomanLib\RomanLib.csproj", "{13690711-1F6D-4B4C-8B31-891693BB7E25}"
EndProject
Project("{FAE04EC0-301F-11D3-BF4B-00C04F79EFBC}") = "RomanLib.Tests", "RomanLib.Tests\RomanLib.Tests.csproj", "{8180FDBC-1379-4E68-AA18-C1E1B9EE8417}"
EndProject
Project("{FAE04EC0-301F-11D3-BF4B-00C04F79EFBC}") = "Calculator.ConsoleView", "Calculator.ConsoleView\Calculator.ConsoleView.csproj", "{F4916B1F-D15C-447A-87C4-BDDE1A1F7C9E}"
EndProject
Project("{FAE04EC0-301F-11D3-BF4B-00C04F79EFBC}") = "Calculator.ConsoleView.Tests", "Calculator.ConsoleView.Tests\Calculator.ConsoleView.Tests.csproj", "{7E466E30-7834-4ABB-ABE9-60891672F276}"
EndProject
Project("{FAE04EC0-301F-11D3-BF4B-00C04F79EFBC}") = "Calculator.ConsoleApp", "Calculator.ConsoleApp\Calculator.ConsoleApp.csproj", "{89107A98-40EE-4748-836A-B6723E719294}"
EndProject
Global
	GlobalSection(SolutionConfigurationPlatforms) = preSolution
		Debug|Any CPU = Debug|Any CPU
		Debug|x64 = Debug|x64
		Debug|x86 = Debug|x86
		Release|Any CPU = Release|Any CPU
		Release|x64 = Release|x64
		Release|x86 = Release|x86
	EndGlobalSection
	GlobalSection(ProjectConfigurationPlatforms) = postSolution
		{13690711-1F6D-4B4C-8B31-891693BB7E25}.Debug|Any CPU.ActiveCfg = Debug|Any CPU
		{13690711-1F6D-4B4C-8B31-891693BB7E25}.Debug|Any CPU.Build.0 = Debug|Any CPU
		{13690711-1F6D-4B4C-8B31-891693BB7E25}.Debug|x64.ActiveCfg = Debug|Any CPU
		{13690711-1F6D-4B4C-8B31-891693BB7E25}.Debug|x64.Build.0 = Debug|Any CPU
		{13690711-1F6D-4B4C-8B31-891693BB7E25}.Debug|x86.ActiveCfg = Debug|Any CPU
		{13690711-1F6D-4B4C-8B31-891693BB7E25}.Debug|x86.Build.0 = Debug|Any CPU
		{13690711-1F6D-4B4C-8B31-891693BB7E25}.Release|Any CPU.ActiveCfg = Release|Any CPU
		{13690711-1F6D-4B4C-8B31-891693BB7E25}.Release|Any CPU.Build.0 = Release|Any CPU
		{13690711-1F6D-4B4C-8B31-891693BB7E25}.Release|x64.ActiveCfg = Release|Any CPU
		{13690711-1F6D-4B4C-8B31-891693BB7E25}.Release|x64.Build.0 = Release|Any CPU
		{13690711-1F6D-4B4C-8B31-891693BB7E25}.Release|x86.ActiveCfg = Release|Any CPU
		{13690711-1F6D-4B4C-8B31-891693BB7E25}.Release|x86.Build.0 = Release|Any CPU
		{8180FDBC-1379-4E68-AA18-C1E1B9EE8417}.Debug|Any CPU.ActiveCfg = Debug|Any CPU
		{8180FDBC-1379-4E68-AA18-C1E1B9EE8417}.Debug|Any CPU.Build.0 = Debug|Any CPU
		{8180FDBC-1379-4E68-AA18-C1E1B9EE8417}.Debug|x64.ActiveCfg = Debug|Any CPU
		{8180FDBC-1379-4E68-AA18-C1E1B9EE8417}.Debug|x64.Build.0 = Debug|Any CPU
		{8180FDBC-1379-4E68-AA18-C1E1B9EE8417}.Debug|x86.ActiveCfg = Debug|Any CPU
		{8180FDBC-1379-4E68-AA18-C1E1B9EE8417}.Debug|x86.Build.0 = Debug|Any CPU
		{8180FDBC-1379-4E68-AA18-C1E1B9EE8417}.Release|Any CPU.ActiveCfg = Release|Any CPU
		{8180FDBC-1379-4E68-AA18-C1E1B9EE8417}.Release|Any CPU.Build.0 = Release|Any CPU
		{8180FDBC-1379-4E68-AA18-C1E1B9EE8417}.Release|x64.ActiveCfg = Release|Any CPU
		{8180FDBC-1379-4E68-AA18-C1E1B9EE8417}.Release|x64.Build.0 = Release|Any CPU
		{8180FDBC-1379-4E68-AA18-C1E1B9EE8417}.Release|x86.ActiveCfg = Release|Any CPU
		{8180FDBC-1379-4E68-AA18-C1E1B9EE8417}.Release|x86.Build.0 = Release|Any CPU
		{F4916B1F-D15C-447A-87C4-BDDE1A1F7C9E}.Debug|Any CPU.ActiveCfg = Debug|Any CPU
		{F4916B1F-D15C-447A-87C4-BDDE1A1F7C9E}.Debug|Any CPU.Build.0 = Debug|Any CPU
		{F4916B1F-D15C-447A-87C4-BDDE1A1F7C9E}.Debug|x64.ActiveCfg = Debug|Any CPU
		{F4916B1F-D15C-447A-87C4-BDDE1A1F7C9E}.Debug|x64.Build.0 = Debug|Any CPU
		{F4916B1F-D15C-447A-87C4-BDDE1A1F7C9E}.Debug|x86.ActiveCfg = Debug|Any CPU
		{F4916B1F-D15C-447A-87C4-BDDE1A1F7C9E}.Debug|x86.Build.0 = Debug|Any CPU
		{F4916B1F-D15C-447A-87C4-BDDE1A1F7C9E}.Release|Any CPU.ActiveCfg = Release|Any CPU
		{F4916B1F-D15C-447A-87C4-BDDE1A1F7C9E}.Release|Any CPU.Build.0 = Release|Any CPU
		{F4916B1F-D15C-447A-87C4-BDDE1A1F7C9E}.Release|x64.ActiveCfg = Release|Any CPU
		{F4916B1F-D15C-447A-87C4-BDDE1A1F7C9E}.Release|x64.Build.0 = Release|Any CPU
		{F4916B1F-D15C-447A-87C4-BDDE1A1F7C9E}.Release|x86.ActiveCfg = Release|Any CPU
		{F4916B1F-D15C-447A-87C4-BDDE1A1F7C9E}.Release|x86.Build.0 = Release|Any CPU
		{7E466E30-7834-4ABB-ABE9-60891672F276}.Debug|Any CPU.ActiveCfg = Debug|Any CPU
		{7E466E30-7834-4ABB-ABE9-60891672F276}.Debug|Any CPU.Build.0 = Debug|Any CPU
		{7E466E30-7834-4ABB-ABE9-60891672F276}.Debug|x64.ActiveCfg = Debug|Any CPU
		{7E466E30-7834-4ABB-ABE9-60891672F276}.Debug|x64.Build.0 = Debug|Any CPU
		{7E466E30-7834-4ABB-ABE9-60891672F276}.Debug|x86.ActiveCfg = Debug|Any CPU
		{7E466E30-7834-4ABB-ABE9-60891672F276}.Debug|x86.Build.0 = Debug|Any CPU
		{7E466E30-7834-4ABB-ABE9-60891672F276}.Release|Any CPU.ActiveCfg = Release|Any CPU
		{7E466E30-7834-4ABB-ABE9-60891672F276}.Release|Any CPU.Build.0 = Release|Any CPU
		{7E466E30-7834-4ABB-ABE9-60891672F276}.Release|x64.ActiveCfg = Release|Any CPU
		{7E466E30-7834-4ABB-ABE9-60891672F276}.Release|x64.Build.0 = Release|Any CPU
		{7E466E30-7834-4ABB-ABE9-60891672F276}.Release|x86.ActiveCfg = Release|Any CPU
		{7E466E30-7834-4ABB-ABE9-60891672F276}.Release|x86.Build.0 = Release|Any CPU
		{89107A98-40EE-4748-836A-B6723E719294}.Debug|Any CPU.ActiveCfg = Debug|Any CPU
		{89107A98-40EE-4748-836A-B6723E719294}.Debug|Any CPU.Build.0 = Debug|Any CPU
		{89107A98-40EE-4748-836A-B6723E719294}.Debug|x64.ActiveCfg = Debug|Any CPU
		{89107A98-40EE-4748-836A-B6723E719294}.Debug|x64.Build.0 = Debug|Any CPU
		{89107A98-40EE-4748-836A-B6723E719294}.Debug|x86.ActiveCfg = Debug|Any CPU
		{89107A98-40EE-4748-836A-B6723E719294}.Debug|x86.Build.0 = Debug|Any CPU
		{89107A98-40EE-4748-836A-B6723E719294}.Release|Any CPU.ActiveCfg = Release|Any CPU
		{89107A98-40EE-4748-836A-B6723E719294}.Release|Any CPU.Build.0 = Release|Any CPU
		{89107A98-40EE-4748-836A-B6723E719294}.Release|x64.ActiveCfg = Release|Any CPU
		{89107A98-40EE-4748-836A-B6723E719294}.Release|x64.Build.0 = Release|Any CPU
		{89107A98-40EE-4748-836A-B6723E719294}.Release|x86.ActiveCfg = Release|Any CPU
		{89107A98-40EE-4748-836A-B6723E719294}.Release|x86.Build.0 = Release|Any CPU
	EndGlobalSection
	GlobalSection(SolutionProperties) = preSolution
		HideSolutionNode = FALSE
	EndGlobalSection
EndGlobal
